// !$*UTF8*$!
{
	archiveVersion = 1;
	classes = {
	};
	objectVersion = 48;
	objects = {

/* Begin PBXBuildFile section */
		130293501FEB9B7000E25034 /* WebViewController.m in Sources */ = {isa = PBXBuildFile; fileRef = 1302934F1FEB9B7000E25034 /* WebViewController.m */; };
		1304AAB41FEA55FA00E99C78 /* ApplicationDataHandler.m in Sources */ = {isa = PBXBuildFile; fileRef = 1304AAB31FEA55FA00E99C78 /* ApplicationDataHandler.m */; };
		1304AAE91FEA69A200E99C78 /* UIColor_EXT.m in Sources */ = {isa = PBXBuildFile; fileRef = 1304AAE71FEA69A200E99C78 /* UIColor_EXT.m */; };
		139659B71FEA048300CF7ED0 /* AppDelegate.m in Sources */ = {isa = PBXBuildFile; fileRef = 139659B61FEA048300CF7ED0 /* AppDelegate.m */; };
		139659BA1FEA048300CF7ED0 /* ViewController.m in Sources */ = {isa = PBXBuildFile; fileRef = 139659B91FEA048300CF7ED0 /* ViewController.m */; };
		139659BF1FEA048300CF7ED0 /* Assets.xcassets in Resources */ = {isa = PBXBuildFile; fileRef = 139659BE1FEA048300CF7ED0 /* Assets.xcassets */; };
		139659C21FEA048300CF7ED0 /* LaunchScreen.storyboard in Resources */ = {isa = PBXBuildFile; fileRef = 139659C01FEA048300CF7ED0 /* LaunchScreen.storyboard */; };
		139659C51FEA048300CF7ED0 /* main.m in Sources */ = {isa = PBXBuildFile; fileRef = 139659C41FEA048300CF7ED0 /* main.m */; };
		56E3E5A65B53CA5F8E904CAD /* libPods-BaseContentAdMoney.a in Frameworks */ = {isa = PBXBuildFile; fileRef = EA48E1AFD09C5CC8A4D87EDF /* libPods-BaseContentAdMoney.a */; };
		B86AE6251FEA66B600EE1FC3 /* VC_MatchSchedule.m in Sources */ = {isa = PBXBuildFile; fileRef = B86AE6241FEA66B600EE1FC3 /* VC_MatchSchedule.m */; };
		B86AE6281FEA66E000EE1FC3 /* VC_GroupTable.m in Sources */ = {isa = PBXBuildFile; fileRef = B86AE6271FEA66E000EE1FC3 /* VC_GroupTable.m */; };
		B86AE62B1FEA6AB900EE1FC3 /* TC_MatchScheduleCell.m in Sources */ = {isa = PBXBuildFile; fileRef = B86AE62A1FEA6AB900EE1FC3 /* TC_MatchScheduleCell.m */; };
/* End PBXBuildFile section */

/* Begin PBXFileReference section */
		1302934E1FEB9B7000E25034 /* WebViewController.h */ = {isa = PBXFileReference; lastKnownFileType = sourcecode.c.h; path = WebViewController.h; sourceTree = "<group>"; };
		1302934F1FEB9B7000E25034 /* WebViewController.m */ = {isa = PBXFileReference; lastKnownFileType = sourcecode.c.objc; path = WebViewController.m; sourceTree = "<group>"; };
		1304AAB21FEA55FA00E99C78 /* ApplicationDataHandler.h */ = {isa = PBXFileReference; lastKnownFileType = sourcecode.c.h; path = ApplicationDataHandler.h; sourceTree = "<group>"; };
		1304AAB31FEA55FA00E99C78 /* ApplicationDataHandler.m */ = {isa = PBXFileReference; lastKnownFileType = sourcecode.c.objc; path = ApplicationDataHandler.m; sourceTree = "<group>"; };
		1304AAB61FEA57F400E99C78 /* BaseContentAdMoney-Prefix.pch */ = {isa = PBXFileReference; fileEncoding = 4; lastKnownFileType = sourcecode.c.h; path = "BaseContentAdMoney-Prefix.pch"; sourceTree = "<group>"; };
		1304AAE71FEA69A200E99C78 /* UIColor_EXT.m */ = {isa = PBXFileReference; fileEncoding = 4; lastKnownFileType = sourcecode.c.objc; path = UIColor_EXT.m; sourceTree = "<group>"; };
		1304AAE81FEA69A200E99C78 /* UIColor_EXT.h */ = {isa = PBXFileReference; fileEncoding = 4; lastKnownFileType = sourcecode.c.h; path = UIColor_EXT.h; sourceTree = "<group>"; };
		1304AAEA1FEA805800E99C78 /* BaseContentAdMoney.entitlements */ = {isa = PBXFileReference; lastKnownFileType = text.plist.entitlements; path = BaseContentAdMoney.entitlements; sourceTree = "<group>"; };
		139659B21FEA048300CF7ED0 /* BaseContentAdMoney.app */ = {isa = PBXFileReference; explicitFileType = wrapper.application; includeInIndex = 0; path = BaseContentAdMoney.app; sourceTree = BUILT_PRODUCTS_DIR; };
		139659B51FEA048300CF7ED0 /* AppDelegate.h */ = {isa = PBXFileReference; lastKnownFileType = sourcecode.c.h; path = AppDelegate.h; sourceTree = "<group>"; };
		139659B61FEA048300CF7ED0 /* AppDelegate.m */ = {isa = PBXFileReference; lastKnownFileType = sourcecode.c.objc; path = AppDelegate.m; sourceTree = "<group>"; };
		139659B81FEA048300CF7ED0 /* ViewController.h */ = {isa = PBXFileReference; lastKnownFileType = sourcecode.c.h; path = ViewController.h; sourceTree = "<group>"; };
		139659B91FEA048300CF7ED0 /* ViewController.m */ = {isa = PBXFileReference; lastKnownFileType = sourcecode.c.objc; path = ViewController.m; sourceTree = "<group>"; };
		139659BE1FEA048300CF7ED0 /* Assets.xcassets */ = {isa = PBXFileReference; lastKnownFileType = folder.assetcatalog; path = Assets.xcassets; sourceTree = "<group>"; };
		139659C11FEA048300CF7ED0 /* Base */ = {isa = PBXFileReference; lastKnownFileType = file.storyboard; name = Base; path = Base.lproj/LaunchScreen.storyboard; sourceTree = "<group>"; };
		139659C31FEA048300CF7ED0 /* Info.plist */ = {isa = PBXFileReference; lastKnownFileType = text.plist.xml; path = Info.plist; sourceTree = "<group>"; };
		139659C41FEA048300CF7ED0 /* main.m */ = {isa = PBXFileReference; lastKnownFileType = sourcecode.c.objc; path = main.m; sourceTree = "<group>"; };
		2C54F9F6C7D1596443C805D0 /* Pods-BaseContentAdMoney.release.xcconfig */ = {isa = PBXFileReference; includeInIndex = 1; lastKnownFileType = text.xcconfig; name = "Pods-BaseContentAdMoney.release.xcconfig"; path = "Pods/Target Support Files/Pods-BaseContentAdMoney/Pods-BaseContentAdMoney.release.xcconfig"; sourceTree = "<group>"; };
		AAB63239C420F7BC290BC660 /* Pods-BaseContentAdMoney.debug.xcconfig */ = {isa = PBXFileReference; includeInIndex = 1; lastKnownFileType = text.xcconfig; name = "Pods-BaseContentAdMoney.debug.xcconfig"; path = "Pods/Target Support Files/Pods-BaseContentAdMoney/Pods-BaseContentAdMoney.debug.xcconfig"; sourceTree = "<group>"; };
		B86AE6231FEA66B600EE1FC3 /* VC_MatchSchedule.h */ = {isa = PBXFileReference; lastKnownFileType = sourcecode.c.h; path = VC_MatchSchedule.h; sourceTree = "<group>"; };
		B86AE6241FEA66B600EE1FC3 /* VC_MatchSchedule.m */ = {isa = PBXFileReference; lastKnownFileType = sourcecode.c.objc; path = VC_MatchSchedule.m; sourceTree = "<group>"; };
		B86AE6261FEA66E000EE1FC3 /* VC_GroupTable.h */ = {isa = PBXFileReference; lastKnownFileType = sourcecode.c.h; path = VC_GroupTable.h; sourceTree = "<group>"; };
		B86AE6271FEA66E000EE1FC3 /* VC_GroupTable.m */ = {isa = PBXFileReference; lastKnownFileType = sourcecode.c.objc; path = VC_GroupTable.m; sourceTree = "<group>"; };
		B86AE6291FEA6AB900EE1FC3 /* TC_MatchScheduleCell.h */ = {isa = PBXFileReference; lastKnownFileType = sourcecode.c.h; path = TC_MatchScheduleCell.h; sourceTree = "<group>"; };
		B86AE62A1FEA6AB900EE1FC3 /* TC_MatchScheduleCell.m */ = {isa = PBXFileReference; lastKnownFileType = sourcecode.c.objc; path = TC_MatchScheduleCell.m; sourceTree = "<group>"; };
		EA48E1AFD09C5CC8A4D87EDF /* libPods-BaseContentAdMoney.a */ = {isa = PBXFileReference; explicitFileType = archive.ar; includeInIndex = 0; path = "libPods-BaseContentAdMoney.a"; sourceTree = BUILT_PRODUCTS_DIR; };
/* End PBXFileReference section */

/* Begin PBXFrameworksBuildPhase section */
		139659AF1FEA048300CF7ED0 /* Frameworks */ = {
			isa = PBXFrameworksBuildPhase;
			buildActionMask = 2147483647;
			files = (
				56E3E5A65B53CA5F8E904CAD /* libPods-BaseContentAdMoney.a in Frameworks */,
			);
			runOnlyForDeploymentPostprocessing = 0;
		};
/* End PBXFrameworksBuildPhase section */

/* Begin PBXGroup section */
		1304AAB51FEA560500E99C78 /* Supportingfile */ = {
			isa = PBXGroup;
			children = (
				1304AAB61FEA57F400E99C78 /* BaseContentAdMoney-Prefix.pch */,
				139659BE1FEA048300CF7ED0 /* Assets.xcassets */,
				139659C01FEA048300CF7ED0 /* LaunchScreen.storyboard */,
				139659C41FEA048300CF7ED0 /* main.m */,
			);
			path = Supportingfile;
			sourceTree = "<group>";
		};
		1304AAB71FEA593B00E99C78 /* Extensions */ = {
			isa = PBXGroup;
			children = (
				1304AAE61FEA698C00E99C78 /* UIColor_EXT */,
			);
			path = Extensions;
			sourceTree = "<group>";
		};
		1304AAE61FEA698C00E99C78 /* UIColor_EXT */ = {
			isa = PBXGroup;
			children = (
				1304AAE81FEA69A200E99C78 /* UIColor_EXT.h */,
				1304AAE71FEA69A200E99C78 /* UIColor_EXT.m */,
			);
			path = UIColor_EXT;
			sourceTree = "<group>";
		};
		139659A91FEA048300CF7ED0 = {
			isa = PBXGroup;
			children = (
				139659B41FEA048300CF7ED0 /* BaseContentAdMoney */,
				139659B31FEA048300CF7ED0 /* Products */,
				AFC1B8A8D8AF4906B942CCFA /* Pods */,
				AE3CDE58FDCEA1F42B86AFE8 /* Frameworks */,
			);
			sourceTree = "<group>";
		};
		139659B31FEA048300CF7ED0 /* Products */ = {
			isa = PBXGroup;
			children = (
				139659B21FEA048300CF7ED0 /* BaseContentAdMoney.app */,
			);
			name = Products;
			sourceTree = "<group>";
		};
		139659B41FEA048300CF7ED0 /* BaseContentAdMoney */ = {
			isa = PBXGroup;
			children = (
				1304AAB71FEA593B00E99C78 /* Extensions */,
				1304AAEA1FEA805800E99C78 /* BaseContentAdMoney.entitlements */,
				139659B51FEA048300CF7ED0 /* AppDelegate.h */,
				139659B61FEA048300CF7ED0 /* AppDelegate.m */,
				139659B81FEA048300CF7ED0 /* ViewController.h */,
				139659B91FEA048300CF7ED0 /* ViewController.m */,
				1304AAB21FEA55FA00E99C78 /* ApplicationDataHandler.h */,
				1304AAB31FEA55FA00E99C78 /* ApplicationDataHandler.m */,
				139659C31FEA048300CF7ED0 /* Info.plist */,
				B86AE6231FEA66B600EE1FC3 /* VC_MatchSchedule.h */,
				B86AE6241FEA66B600EE1FC3 /* VC_MatchSchedule.m */,
				B86AE6261FEA66E000EE1FC3 /* VC_GroupTable.h */,
				B86AE6271FEA66E000EE1FC3 /* VC_GroupTable.m */,
				1304AAB51FEA560500E99C78 /* Supportingfile */,
				B86AE6291FEA6AB900EE1FC3 /* TC_MatchScheduleCell.h */,
				B86AE62A1FEA6AB900EE1FC3 /* TC_MatchScheduleCell.m */,
				1302934E1FEB9B7000E25034 /* WebViewController.h */,
				1302934F1FEB9B7000E25034 /* WebViewController.m */,
			);
			path = BaseContentAdMoney;
			sourceTree = "<group>";
		};
		AE3CDE58FDCEA1F42B86AFE8 /* Frameworks */ = {
			isa = PBXGroup;
			children = (
				EA48E1AFD09C5CC8A4D87EDF /* libPods-BaseContentAdMoney.a */,
			);
			name = Frameworks;
			sourceTree = "<group>";
		};
		AFC1B8A8D8AF4906B942CCFA /* Pods */ = {
			isa = PBXGroup;
			children = (
				AAB63239C420F7BC290BC660 /* Pods-BaseContentAdMoney.debug.xcconfig */,
				2C54F9F6C7D1596443C805D0 /* Pods-BaseContentAdMoney.release.xcconfig */,
			);
			name = Pods;
			sourceTree = "<group>";
		};
/* End PBXGroup section */

/* Begin PBXNativeTarget section */
		139659B11FEA048300CF7ED0 /* BaseContentAdMoney */ = {
			isa = PBXNativeTarget;
			buildConfigurationList = 139659C81FEA048300CF7ED0 /* Build configuration list for PBXNativeTarget "BaseContentAdMoney" */;
			buildPhases = (
				E9855F896D2FD9A14517A270 /* [CP] Check Pods Manifest.lock */,
				139659AE1FEA048300CF7ED0 /* Sources */,
				139659AF1FEA048300CF7ED0 /* Frameworks */,
				139659B01FEA048300CF7ED0 /* Resources */,
				4B89043A44DB17066E7AD62A /* [CP] Embed Pods Frameworks */,
				AA588B348C181D980AAD4A06 /* [CP] Copy Pods Resources */,
			);
			buildRules = (
			);
			dependencies = (
			);
			name = BaseContentAdMoney;
			productName = BaseContentAdMoney;
			productReference = 139659B21FEA048300CF7ED0 /* BaseContentAdMoney.app */;
			productType = "com.apple.product-type.application";
		};
/* End PBXNativeTarget section */

/* Begin PBXProject section */
		139659AA1FEA048300CF7ED0 /* Project object */ = {
			isa = PBXProject;
			attributes = {
				LastUpgradeCheck = 0920;
				ORGANIZATIONNAME = "Lucas Luu";
				TargetAttributes = {
					139659B11FEA048300CF7ED0 = {
						CreatedOnToolsVersion = 9.2;
						ProvisioningStyle = Automatic;
						SystemCapabilities = {
							com.apple.Push = {
								enabled = 1;
							};
						};
					};
				};
			};
			buildConfigurationList = 139659AD1FEA048300CF7ED0 /* Build configuration list for PBXProject "BaseContentAdMoney" */;
			compatibilityVersion = "Xcode 8.0";
			developmentRegion = en;
			hasScannedForEncodings = 0;
			knownRegions = (
				en,
				Base,
			);
			mainGroup = 139659A91FEA048300CF7ED0;
			productRefGroup = 139659B31FEA048300CF7ED0 /* Products */;
			projectDirPath = "";
			projectRoot = "";
			targets = (
				139659B11FEA048300CF7ED0 /* BaseContentAdMoney */,
			);
		};
/* End PBXProject section */

/* Begin PBXResourcesBuildPhase section */
		139659B01FEA048300CF7ED0 /* Resources */ = {
			isa = PBXResourcesBuildPhase;
			buildActionMask = 2147483647;
			files = (
				139659C21FEA048300CF7ED0 /* LaunchScreen.storyboard in Resources */,
				139659BF1FEA048300CF7ED0 /* Assets.xcassets in Resources */,
			);
			runOnlyForDeploymentPostprocessing = 0;
		};
/* End PBXResourcesBuildPhase section */

/* Begin PBXShellScriptBuildPhase section */
		4B89043A44DB17066E7AD62A /* [CP] Embed Pods Frameworks */ = {
			isa = PBXShellScriptBuildPhase;
			buildActionMask = 2147483647;
			files = (
			);
			inputPaths = (
			);
			name = "[CP] Embed Pods Frameworks";
			outputPaths = (
			);
			runOnlyForDeploymentPostprocessing = 0;
			shellPath = /bin/sh;
			shellScript = "\"${SRCROOT}/Pods/Target Support Files/Pods-BaseContentAdMoney/Pods-BaseContentAdMoney-frameworks.sh\"\n";
			showEnvVarsInLog = 0;
		};
		AA588B348C181D980AAD4A06 /* [CP] Copy Pods Resources */ = {
			isa = PBXShellScriptBuildPhase;
			buildActionMask = 2147483647;
			files = (
			);
			inputPaths = (
			);
			name = "[CP] Copy Pods Resources";
			outputPaths = (
			);
			runOnlyForDeploymentPostprocessing = 0;
			shellPath = /bin/sh;
			shellScript = "\"${SRCROOT}/Pods/Target Support Files/Pods-BaseContentAdMoney/Pods-BaseContentAdMoney-resources.sh\"\n";
			showEnvVarsInLog = 0;
		};
		E9855F896D2FD9A14517A270 /* [CP] Check Pods Manifest.lock */ = {
			isa = PBXShellScriptBuildPhase;
			buildActionMask = 2147483647;
			files = (
			);
			inputPaths = (
				"${PODS_PODFILE_DIR_PATH}/Podfile.lock",
				"${PODS_ROOT}/Manifest.lock",
			);
			name = "[CP] Check Pods Manifest.lock";
			outputPaths = (
				"$(DERIVED_FILE_DIR)/Pods-BaseContentAdMoney-checkManifestLockResult.txt",
			);
			runOnlyForDeploymentPostprocessing = 0;
			shellPath = /bin/sh;
			shellScript = "diff \"${PODS_PODFILE_DIR_PATH}/Podfile.lock\" \"${PODS_ROOT}/Manifest.lock\" > /dev/null\nif [ $? != 0 ] ; then\n    # print error to STDERR\n    echo \"error: The sandbox is not in sync with the Podfile.lock. Run 'pod install' or update your CocoaPods installation.\" >&2\n    exit 1\nfi\n# This output is used by Xcode 'outputs' to avoid re-running this script phase.\necho \"SUCCESS\" > \"${SCRIPT_OUTPUT_FILE_0}\"\n";
			showEnvVarsInLog = 0;
		};
/* End PBXShellScriptBuildPhase section */

/* Begin PBXSourcesBuildPhase section */
		139659AE1FEA048300CF7ED0 /* Sources */ = {
			isa = PBXSourcesBuildPhase;
			buildActionMask = 2147483647;
			files = (
				B86AE6281FEA66E000EE1FC3 /* VC_GroupTable.m in Sources */,
				B86AE62B1FEA6AB900EE1FC3 /* TC_MatchScheduleCell.m in Sources */,
				139659BA1FEA048300CF7ED0 /* ViewController.m in Sources */,
				B86AE6251FEA66B600EE1FC3 /* VC_MatchSchedule.m in Sources */,
				130293501FEB9B7000E25034 /* WebViewController.m in Sources */,
				139659C51FEA048300CF7ED0 /* main.m in Sources */,
				139659B71FEA048300CF7ED0 /* AppDelegate.m in Sources */,
				1304AAE91FEA69A200E99C78 /* UIColor_EXT.m in Sources */,
				1304AAB41FEA55FA00E99C78 /* ApplicationDataHandler.m in Sources */,
			);
			runOnlyForDeploymentPostprocessing = 0;
		};
/* End PBXSourcesBuildPhase section */

/* Begin PBXVariantGroup section */
		139659C01FEA048300CF7ED0 /* LaunchScreen.storyboard */ = {
			isa = PBXVariantGroup;
			children = (
				139659C11FEA048300CF7ED0 /* Base */,
			);
			name = LaunchScreen.storyboard;
			sourceTree = "<group>";
		};
/* End PBXVariantGroup section */

/* Begin XCBuildConfiguration section */
		139659C61FEA048300CF7ED0 /* Debug */ = {
			isa = XCBuildConfiguration;
			buildSettings = {
				ALWAYS_SEARCH_USER_PATHS = NO;
				CLANG_ANALYZER_NONNULL = YES;
				CLANG_ANALYZER_NUMBER_OBJECT_CONVERSION = YES_AGGRESSIVE;
				CLANG_CXX_LANGUAGE_STANDARD = "gnu++14";
				CLANG_CXX_LIBRARY = "libc++";
				CLANG_ENABLE_MODULES = YES;
				CLANG_ENABLE_OBJC_ARC = YES;
				CLANG_WARN_BLOCK_CAPTURE_AUTORELEASING = YES;
				CLANG_WARN_BOOL_CONVERSION = YES;
				CLANG_WARN_COMMA = YES;
				CLANG_WARN_CONSTANT_CONVERSION = YES;
				CLANG_WARN_DIRECT_OBJC_ISA_USAGE = YES_ERROR;
				CLANG_WARN_DOCUMENTATION_COMMENTS = YES;
				CLANG_WARN_EMPTY_BODY = YES;
				CLANG_WARN_ENUM_CONVERSION = YES;
				CLANG_WARN_INFINITE_RECURSION = YES;
				CLANG_WARN_INT_CONVERSION = YES;
				CLANG_WARN_NON_LITERAL_NULL_CONVERSION = YES;
				CLANG_WARN_OBJC_LITERAL_CONVERSION = YES;
				CLANG_WARN_OBJC_ROOT_CLASS = YES_ERROR;
				CLANG_WARN_RANGE_LOOP_ANALYSIS = YES;
				CLANG_WARN_STRICT_PROTOTYPES = YES;
				CLANG_WARN_SUSPICIOUS_MOVE = YES;
				CLANG_WARN_UNGUARDED_AVAILABILITY = YES_AGGRESSIVE;
				CLANG_WARN_UNREACHABLE_CODE = YES;
				CLANG_WARN__DUPLICATE_METHOD_MATCH = YES;
				CODE_SIGN_IDENTITY = "iPhone Developer";
				COPY_PHASE_STRIP = NO;
				DEBUG_INFORMATION_FORMAT = dwarf;
				ENABLE_STRICT_OBJC_MSGSEND = YES;
				ENABLE_TESTABILITY = YES;
				GCC_C_LANGUAGE_STANDARD = gnu11;
				GCC_DYNAMIC_NO_PIC = NO;
				GCC_NO_COMMON_BLOCKS = YES;
				GCC_OPTIMIZATION_LEVEL = 0;
				GCC_PREPROCESSOR_DEFINITIONS = (
					"DEBUG=1",
					"$(inherited)",
				);
				GCC_WARN_64_TO_32_BIT_CONVERSION = YES;
				GCC_WARN_ABOUT_RETURN_TYPE = YES_ERROR;
				GCC_WARN_UNDECLARED_SELECTOR = YES;
				GCC_WARN_UNINITIALIZED_AUTOS = YES_AGGRESSIVE;
				GCC_WARN_UNUSED_FUNCTION = YES;
				GCC_WARN_UNUSED_VARIABLE = YES;
				IPHONEOS_DEPLOYMENT_TARGET = 11.2;
				MTL_ENABLE_DEBUG_INFO = YES;
				ONLY_ACTIVE_ARCH = YES;
				SDKROOT = iphoneos;
			};
			name = Debug;
		};
		139659C71FEA048300CF7ED0 /* Release */ = {
			isa = XCBuildConfiguration;
			buildSettings = {
				ALWAYS_SEARCH_USER_PATHS = NO;
				CLANG_ANALYZER_NONNULL = YES;
				CLANG_ANALYZER_NUMBER_OBJECT_CONVERSION = YES_AGGRESSIVE;
				CLANG_CXX_LANGUAGE_STANDARD = "gnu++14";
				CLANG_CXX_LIBRARY = "libc++";
				CLANG_ENABLE_MODULES = YES;
				CLANG_ENABLE_OBJC_ARC = YES;
				CLANG_WARN_BLOCK_CAPTURE_AUTORELEASING = YES;
				CLANG_WARN_BOOL_CONVERSION = YES;
				CLANG_WARN_COMMA = YES;
				CLANG_WARN_CONSTANT_CONVERSION = YES;
				CLANG_WARN_DIRECT_OBJC_ISA_USAGE = YES_ERROR;
				CLANG_WARN_DOCUMENTATION_COMMENTS = YES;
				CLANG_WARN_EMPTY_BODY = YES;
				CLANG_WARN_ENUM_CONVERSION = YES;
				CLANG_WARN_INFINITE_RECURSION = YES;
				CLANG_WARN_INT_CONVERSION = YES;
				CLANG_WARN_NON_LITERAL_NULL_CONVERSION = YES;
				CLANG_WARN_OBJC_LITERAL_CONVERSION = YES;
				CLANG_WARN_OBJC_ROOT_CLASS = YES_ERROR;
				CLANG_WARN_RANGE_LOOP_ANALYSIS = YES;
				CLANG_WARN_STRICT_PROTOTYPES = YES;
				CLANG_WARN_SUSPICIOUS_MOVE = YES;
				CLANG_WARN_UNGUARDED_AVAILABILITY = YES_AGGRESSIVE;
				CLANG_WARN_UNREACHABLE_CODE = YES;
				CLANG_WARN__DUPLICATE_METHOD_MATCH = YES;
				CODE_SIGN_IDENTITY = "iPhone Developer";
				COPY_PHASE_STRIP = NO;
				DEBUG_INFORMATION_FORMAT = "dwarf-with-dsym";
				ENABLE_NS_ASSERTIONS = NO;
				ENABLE_STRICT_OBJC_MSGSEND = YES;
				GCC_C_LANGUAGE_STANDARD = gnu11;
				GCC_NO_COMMON_BLOCKS = YES;
				GCC_WARN_64_TO_32_BIT_CONVERSION = YES;
				GCC_WARN_ABOUT_RETURN_TYPE = YES_ERROR;
				GCC_WARN_UNDECLARED_SELECTOR = YES;
				GCC_WARN_UNINITIALIZED_AUTOS = YES_AGGRESSIVE;
				GCC_WARN_UNUSED_FUNCTION = YES;
				GCC_WARN_UNUSED_VARIABLE = YES;
				IPHONEOS_DEPLOYMENT_TARGET = 11.2;
				MTL_ENABLE_DEBUG_INFO = NO;
				SDKROOT = iphoneos;
				VALIDATE_PRODUCT = YES;
			};
			name = Release;
		};
		139659C91FEA048300CF7ED0 /* Debug */ = {
			isa = XCBuildConfiguration;
			baseConfigurationReference = AAB63239C420F7BC290BC660 /* Pods-BaseContentAdMoney.debug.xcconfig */;
			buildSettings = {
				ASSETCATALOG_COMPILER_APPICON_NAME = AppIcon;
				CODE_SIGN_ENTITLEMENTS = BaseContentAdMoney/BaseContentAdMoney.entitlements;
				"CODE_SIGN_IDENTITY[sdk=iphoneos*]" = "iPhone Developer";
				CODE_SIGN_STYLE = Automatic;
				DEVELOPMENT_TEAM = WAZX495FUE;
				GCC_PRECOMPILE_PREFIX_HEADER = YES;
				GCC_PREFIX_HEADER = "$(SRCROOT)/BaseContentAdMoney/Supportingfile/BaseContentAdMoney-Prefix.pch";
				INFOPLIST_FILE = BaseContentAdMoney/Info.plist;
				IPHONEOS_DEPLOYMENT_TARGET = 8.0;
				LD_RUNPATH_SEARCH_PATHS = "$(inherited) @executable_path/Frameworks";
				PRODUCT_BUNDLE_IDENTIFIER = com.lucasluu.wc2018;
				PRODUCT_NAME = "$(TARGET_NAME)";
				PROVISIONING_PROFILE_SPECIFIER = "";
				TARGETED_DEVICE_FAMILY = "1,2";
			};
			name = Debug;
		};
		139659CA1FEA048300CF7ED0 /* Release */ = {
			isa = XCBuildConfiguration;
			baseConfigurationReference = 2C54F9F6C7D1596443C805D0 /* Pods-BaseContentAdMoney.release.xcconfig */;
			buildSettings = {
				ASSETCATALOG_COMPILER_APPICON_NAME = AppIcon;
				CODE_SIGN_ENTITLEMENTS = BaseContentAdMoney/BaseContentAdMoney.entitlements;
				"CODE_SIGN_IDENTITY[sdk=iphoneos*]" = "iPhone Developer";
				CODE_SIGN_STYLE = Automatic;
				DEVELOPMENT_TEAM = WAZX495FUE;
				GCC_PRECOMPILE_PREFIX_HEADER = YES;
				GCC_PREFIX_HEADER = "$(SRCROOT)/BaseContentAdMoney/Supportingfile/BaseContentAdMoney-Prefix.pch";
				INFOPLIST_FILE = BaseContentAdMoney/Info.plist;
				IPHONEOS_DEPLOYMENT_TARGET = 8.0;
				LD_RUNPATH_SEARCH_PATHS = "$(inherited) @executable_path/Frameworks";
				PRODUCT_BUNDLE_IDENTIFIER = com.lucasluu.wc2018;
				PRODUCT_NAME = "$(TARGET_NAME)";
				PROVISIONING_PROFILE_SPECIFIER = "";
				TARGETED_DEVICE_FAMILY = "1,2";
			};
			name = Release;
		};
/* End XCBuildConfiguration section */

/* Begin XCConfigurationList section */
		139659AD1FEA048300CF7ED0 /* Build configuration list for PBXProject "BaseContentAdMoney" */ = {
			isa = XCConfigurationList;
			buildConfigurations = (
				139659C61FEA048300CF7ED0 /* Debug */,
				139659C71FEA048300CF7ED0 /* Release */,
			);
			defaultConfigurationIsVisible = 0;
			defaultConfigurationName = Release;
		};
		139659C81FEA048300CF7ED0 /* Build configuration list for PBXNativeTarget "BaseContentAdMoney" */ = {
			isa = XCConfigurationList;
			buildConfigurations = (
				139659C91FEA048300CF7ED0 /* Debug */,
				139659CA1FEA048300CF7ED0 /* Release */,
			);
			defaultConfigurationIsVisible = 0;
			defaultConfigurationName = Release;
		};
/* End XCConfigurationList section */
	};
	rootObject = 139659AA1FEA048300CF7ED0 /* Project object */;
}
